
Microsoft Visual Studio Solution File, Format Version 12.00
# Visual Studio Version 16
VisualStudioVersion = 16.0.30320.27
MinimumVisualStudioVersion = 10.0.40219.1
Project("{9A19103F-16F7-4668-BE54-9A1E7A4F7556}") = "Atomus.Page.Menu.ModernMenu(dotNetStandard)", "dotNetStandard\Atomus.Page.Menu.ModernMenu(dotNetStandard).csproj", "{A857C1AD-BC7A-4DB6-91CD-D6ED730A7F20}"
EndProject
Global
	GlobalSection(SolutionConfigurationPlatforms) = preSolution
		Debug|Any CPU = Debug|Any CPU
		Release|Any CPU = Release|Any CPU
	EndGlobalSection
	GlobalSection(ProjectConfigurationPlatforms) = postSolution
		{A857C1AD-BC7A-4DB6-91CD-D6ED730A7F20}.Debug|Any CPU.ActiveCfg = Debug|Any CPU
		{A857C1AD-BC7A-4DB6-91CD-D6ED730A7F20}.Debug|Any CPU.Build.0 = Debug|Any CPU
		{A857C1AD-BC7A-4DB6-91CD-D6ED730A7F20}.Release|Any CPU.ActiveCfg = Release|Any CPU
		{A857C1AD-BC7A-4DB6-91CD-D6ED730A7F20}.Release|Any CPU.Build.0 = Release|Any CPU
	EndGlobalSection
	GlobalSection(SolutionProperties) = preSolution
		HideSolutionNode = FALSE
	EndGlobalSection
	GlobalSection(ExtensibilityGlobals) = postSolution
		SolutionGuid = {5D24DEEC-AD9E-41C2-B4C5-D6F7A7A7D020}
	EndGlobalSection
EndGlobal
